
Microsoft Visual Studio Solution File, Format Version 12.00
# Visual Studio 15
VisualStudioVersion = 15.0.27130.2010
MinimumVisualStudioVersion = 10.0.40219.1
Project("{FAE04EC0-301F-11D3-BF4B-00C04F79EFBC}") = "FormatPhoneNumber", "FormatPhoneNumber\FormatPhoneNumber.csproj", "{2F88FCB0-5A4A-4383-B884-0E773AEF10FF}"
EndProject
Global
	GlobalSection(SolutionConfigurationPlatforms) = preSolution
		Debug|Any CPU = Debug|Any CPU
		Release|Any CPU = Release|Any CPU
	EndGlobalSection
	GlobalSection(ProjectConfigurationPlatforms) = postSolution
		{2F88FCB0-5A4A-4383-B884-0E773AEF10FF}.Debug|Any CPU.ActiveCfg = Debug|Any CPU
		{2F88FCB0-5A4A-4383-B884-0E773AEF10FF}.Debug|Any CPU.Build.0 = Debug|Any CPU
		{2F88FCB0-5A4A-4383-B884-0E773AEF10FF}.Release|Any CPU.ActiveCfg = Release|Any CPU
		{2F88FCB0-5A4A-4383-B884-0E773AEF10FF}.Release|Any CPU.Build.0 = Release|Any CPU
	EndGlobalSection
	GlobalSection(SolutionProperties) = preSolution
		HideSolutionNode = FALSE
	EndGlobalSection
	GlobalSection(ExtensibilityGlobals) = postSolution
		SolutionGuid = {7AC6ACD2-3CDB-4888-A3C7-46FB50873BF6}
	EndGlobalSection
EndGlobal
